
Microsoft Visual Studio Solution File, Format Version 12.00
# Visual Studio Version 17
VisualStudioVersion = 17.0.31903.59
MinimumVisualStudioVersion = 10.0.40219.1
Project("{FAE04EC0-301F-11D3-BF4B-00C04F79EFBC}") = "EmployeeIdentifier.Api", "EmployeeIdentifier.Api\EmployeeIdentifier.Api.csproj", "{74504EA1-F7D5-4630-BD89-A4F7764614C3}"
EndProject
Project("{FAE04EC0-301F-11D3-BF4B-00C04F79EFBC}") = "EmployeeIdentifier.Logging", "EmployeeIdentifier.Logging\EmployeeIdentifier.Logging.csproj", "{59E34EFC-2466-44F3-9828-53AF48AADED8}"
EndProject
Project("{FAE04EC0-301F-11D3-BF4B-00C04F79EFBC}") = "EmployeeIdentifier.Api.Shared", "EmployeeIdentifier.Api.Shared\EmployeeIdentifier.Api.Shared.csproj", "{5AF3BC6F-CD01-47A0-A0BB-AB95C8A5F254}"
EndProject
Project("{FAE04EC0-301F-11D3-BF4B-00C04F79EFBC}") = "EmployeeIdentifier.Services", "EmployeeIdentifier.Services\EmployeeIdentifier.Services.csproj", "{51A93FD9-1A4B-45B0-8696-417827E08F12}"
EndProject
Project("{FAE04EC0-301F-11D3-BF4B-00C04F79EFBC}") = "EmployeeIdentifier.Api.Tests", "EmployeeIdentifier.Api.Tests\EmployeeIdentifier.Api.Tests.csproj", "{C46D68B5-D1AE-1857-D3E1-1C9E781F73EE}"
EndProject
Global
	GlobalSection(SolutionConfigurationPlatforms) = preSolution
		Debug|Any CPU = Debug|Any CPU
		Release|Any CPU = Release|Any CPU
	EndGlobalSection
	GlobalSection(ProjectConfigurationPlatforms) = postSolution
		{74504EA1-F7D5-4630-BD89-A4F7764614C3}.Debug|Any CPU.ActiveCfg = Debug|Any CPU
		{74504EA1-F7D5-4630-BD89-A4F7764614C3}.Debug|Any CPU.Build.0 = Debug|Any CPU
		{74504EA1-F7D5-4630-BD89-A4F7764614C3}.Release|Any CPU.ActiveCfg = Release|Any CPU
		{74504EA1-F7D5-4630-BD89-A4F7764614C3}.Release|Any CPU.Build.0 = Release|Any CPU
		{59E34EFC-2466-44F3-9828-53AF48AADED8}.Debug|Any CPU.ActiveCfg = Debug|Any CPU
		{59E34EFC-2466-44F3-9828-53AF48AADED8}.Debug|Any CPU.Build.0 = Debug|Any CPU
		{59E34EFC-2466-44F3-9828-53AF48AADED8}.Release|Any CPU.ActiveCfg = Release|Any CPU
		{59E34EFC-2466-44F3-9828-53AF48AADED8}.Release|Any CPU.Build.0 = Release|Any CPU
		{5AF3BC6F-CD01-47A0-A0BB-AB95C8A5F254}.Debug|Any CPU.ActiveCfg = Debug|Any CPU
		{5AF3BC6F-CD01-47A0-A0BB-AB95C8A5F254}.Debug|Any CPU.Build.0 = Debug|Any CPU
		{5AF3BC6F-CD01-47A0-A0BB-AB95C8A5F254}.Release|Any CPU.ActiveCfg = Release|Any CPU
		{5AF3BC6F-CD01-47A0-A0BB-AB95C8A5F254}.Release|Any CPU.Build.0 = Release|Any CPU
		{51A93FD9-1A4B-45B0-8696-417827E08F12}.Debug|Any CPU.ActiveCfg = Debug|Any CPU
		{51A93FD9-1A4B-45B0-8696-417827E08F12}.Debug|Any CPU.Build.0 = Debug|Any CPU
		{51A93FD9-1A4B-45B0-8696-417827E08F12}.Release|Any CPU.ActiveCfg = Release|Any CPU
		{51A93FD9-1A4B-45B0-8696-417827E08F12}.Release|Any CPU.Build.0 = Release|Any CPU
		{C46D68B5-D1AE-1857-D3E1-1C9E781F73EE}.Debug|Any CPU.ActiveCfg = Debug|Any CPU
		{C46D68B5-D1AE-1857-D3E1-1C9E781F73EE}.Debug|Any CPU.Build.0 = Debug|Any CPU
		{C46D68B5-D1AE-1857-D3E1-1C9E781F73EE}.Release|Any CPU.ActiveCfg = Release|Any CPU
		{C46D68B5-D1AE-1857-D3E1-1C9E781F73EE}.Release|Any CPU.Build.0 = Release|Any CPU
	EndGlobalSection
	GlobalSection(SolutionProperties) = preSolution
		HideSolutionNode = FALSE
	EndGlobalSection
	GlobalSection(ExtensibilityGlobals) = postSolution
		SolutionGuid = {8D57D095-137D-48FD-871D-041930133079}
	EndGlobalSection
EndGlobal
